
Microsoft Visual Studio Solution File, Format Version 12.00
# Visual Studio Version 17
VisualStudioVersion = 17.14.36221.1 d17.14
MinimumVisualStudioVersion = 10.0.40219.1
Project("{FAE04EC0-301F-11D3-BF4B-00C04F79EFBC}") = "E-Ticket516", "E-Ticket516\E-Ticket516.csproj", "{167E45B1-4BCD-437C-B86C-2B5FC84117B1}"
EndProject
Global
	GlobalSection(SolutionConfigurationPlatforms) = preSolution
		Debug|Any CPU = Debug|Any CPU
		Release|Any CPU = Release|Any CPU
	EndGlobalSection
	GlobalSection(ProjectConfigurationPlatforms) = postSolution
		{167E45B1-4BCD-437C-B86C-2B5FC84117B1}.Debug|Any CPU.ActiveCfg = Debug|Any CPU
		{167E45B1-4BCD-437C-B86C-2B5FC84117B1}.Debug|Any CPU.Build.0 = Debug|Any CPU
		{167E45B1-4BCD-437C-B86C-2B5FC84117B1}.Release|Any CPU.ActiveCfg = Release|Any CPU
		{167E45B1-4BCD-437C-B86C-2B5FC84117B1}.Release|Any CPU.Build.0 = Release|Any CPU
	EndGlobalSection
	GlobalSection(SolutionProperties) = preSolution
		HideSolutionNode = FALSE
	EndGlobalSection
	GlobalSection(ExtensibilityGlobals) = postSolution
		SolutionGuid = {E0F66A4B-8EFD-4799-A092-225B7619DF89}
	EndGlobalSection
EndGlobal
